{
  "version": 4,
  "terraform_version": "1.8.5",
  "serial": 44,
  "lineage": "9519f2ba-9d43-4ac4-4cad-93d294942a20",
  "outputs": {},
  "resources": [
    {
      "mode": "managed",
      "type": "aws_instance",
      "name": "docker",
      "provider": "provider[\"registry.terraform.io/hashicorp/aws\"]",
      "instances": [
        {
          "status": "tainted",
          "schema_version": 1,
          "attributes": {
            "ami": "ami-09627c82937ccdd6d",
            "arn": "arn:aws:ec2:eu-west-2:533266978173:instance/i-0a869d892db1e8427",
            "associate_public_ip_address": true,
            "availability_zone": "eu-west-2a",
            "capacity_reservation_specification": [
              {
                "capacity_reservation_preference": "open",
                "capacity_reservation_target": []
              }
            ],
            "cpu_core_count": 1,
            "cpu_options": [
              {
                "amd_sev_snp": "",
                "core_count": 1,
                "threads_per_core": 1
              }
            ],
            "cpu_threads_per_core": 1,
            "credit_specification": [
              {
                "cpu_credits": "standard"
              }
            ],
            "disable_api_stop": false,
            "disable_api_termination": false,
            "ebs_block_device": [],
            "ebs_optimized": false,
            "enclave_options": [
              {
                "enabled": false
              }
            ],
            "ephemeral_block_device": [],
            "get_password_data": false,
            "hibernation": false,
            "host_id": "",
            "host_resource_group_arn": null,
            "iam_instance_profile": "",
            "id": "i-0a869d892db1e8427",
            "instance_initiated_shutdown_behavior": "stop",
            "instance_lifecycle": "",
            "instance_market_options": [],
            "instance_state": "running",
            "instance_type": "t2.micro",
            "ipv6_address_count": 0,
            "ipv6_addresses": [],
            "key_name": "deployer-key",
            "launch_template": [],
            "maintenance_options": [
              {
                "auto_recovery": "default"
              }
            ],
            "metadata_options": [
              {
                "http_endpoint": "enabled",
                "http_protocol_ipv6": "disabled",
                "http_put_response_hop_limit": 1,
                "http_tokens": "optional",
                "instance_metadata_tags": "disabled"
              }
            ],
            "monitoring": false,
            "network_interface": [],
            "outpost_arn": "",
            "password_data": "",
            "placement_group": "",
            "placement_partition_number": 0,
            "primary_network_interface_id": "eni-026df0a14e2cf7258",
            "private_dns": "ip-172-31-19-142.eu-west-2.compute.internal",
            "private_dns_name_options": [
              {
                "enable_resource_name_dns_a_record": false,
                "enable_resource_name_dns_aaaa_record": false,
                "hostname_type": "ip-name"
              }
            ],
            "private_ip": "172.31.19.142",
            "public_dns": "ec2-52-56-107-76.eu-west-2.compute.amazonaws.com",
            "public_ip": "52.56.107.76",
            "root_block_device": [
              {
                "delete_on_termination": true,
                "device_name": "/dev/sda1",
                "encrypted": false,
                "iops": 100,
                "kms_key_id": "",
                "tags": {},
                "tags_all": {},
                "throughput": 0,
                "volume_id": "vol-08bb6503a5b74a65c",
                "volume_size": 8,
                "volume_type": "gp2"
              }
            ],
            "secondary_private_ips": [],
            "security_groups": [
              "docker-sg20240622114625917500000001"
            ],
            "source_dest_check": true,
            "spot_instance_request_id": "",
            "subnet_id": "subnet-01c40c5f4138cbb0a",
            "tags": {
              "Name": "docker-instance"
            },
            "tags_all": {
              "Name": "docker-instance"
            },
            "tenancy": "default",
            "timeouts": null,
            "user_data": "bd96db628306a9a2698366cb3439284327f220ff",
            "user_data_base64": null,
            "user_data_replace_on_change": false,
            "volume_tags": null,
            "vpc_security_group_ids": [
              "sg-08a46db9165defa33"
            ]
          },
          "sensitive_attributes": [],
          "private": "eyJlMmJmYjczMC1lY2FhLTExZTYtOGY4OC0zNDM2M2JjN2M0YzAiOnsiY3JlYXRlIjo2MDAwMDAwMDAwMDAsImRlbGV0ZSI6MTIwMDAwMDAwMDAwMCwicmVhZCI6OTAwMDAwMDAwMDAwLCJ1cGRhdGUiOjYwMDAwMDAwMDAwMH0sInNjaGVtYV92ZXJzaW9uIjoiMSJ9",
          "dependencies": [
            "aws_key_pair.deployer",
            "aws_security_group.docker_sg"
          ]
        }
      ]
    },
    {
      "mode": "managed",
      "type": "aws_key_pair",
      "name": "deployer",
      "provider": "provider[\"registry.terraform.io/hashicorp/aws\"]",
      "instances": [
        {
          "schema_version": 1,
          "attributes": {
            "arn": "arn:aws:ec2:eu-west-2:533266978173:key-pair/deployer-key",
            "fingerprint": "76:c2:dd:87:00:ad:53:f6:66:eb:2f:e4:06:1f:ef:e8",
            "id": "deployer-key",
            "key_name": "deployer-key",
            "key_name_prefix": "",
            "key_pair_id": "key-0b71afeeb913166ee",
            "key_type": "rsa",
            "public_key": "ssh-rsa AAAAB3NzaC1yc2EAAAADAQABAAACAQDIUrbJXdqbAL97wz2o/BNwgWwzP4Vxr8pFSTw2EEiIJHpgPzbbtV8hq/bVM+SBEJrqWY4lpeXF8PSnfucR4qps2aCRqEl3zIq5L0+rmIgujf2GX3XpatjWhdiFS092ioeot8ocK+H6GpOFDc9GZvbJ5UIwouyreK6+KEHaSqnLaIv7dcVFOywn3kL8w8cCPCx7S7l0vZ+279jJ8UKefBXlEdmK6Q55sCqKWzr6v+bmFQqeoOyTXPPV3vWz1LPcPv6Cqubkrzh5RFle2qwA7GrHUq5FiGtxO0ELmxU4sifIFaBsGphQgA5USQ3CH8onWHtF8DUU9P81esqGY8o1/gY152Mo9+kDW/+fMVm4djT6wvrACMIFKrR2Kx122LhyXlGUmdstDMUgyRo+FMj6qyBojzimAl4qhBNvoe4snKCt2h9/VmyDhfqWh9Ue99tICn7ABc1RBH5Hfk4vk3iWyp/cK7cSXhQ1s3tiaFGTMvWgMIX0m+tvPOGiiBAa+ZAXG7N20vltL+UARNq90vSY89etD0uS7yl2NlbN2hzDqC3Tnin7HuDymya4kfzzuMT0Q8HzJ0SlX60nfPR1PVVwu5hQpEy7uNUv0INRp0OXIV4TGleVMGIhoySHmCQoWI5doyPRSXjtTDEOCPPoDQkWm4GNt/bJ/f3XmvNicww3RiZsYQ== parameswaran839@gmail.com",
            "tags": {},
            "tags_all": {}
          },
          "sensitive_attributes": [],
          "private": "eyJzY2hlbWFfdmVyc2lvbiI6IjEifQ=="
        }
      ]
    },
    {
      "mode": "managed",
      "type": "aws_security_group",
      "name": "docker_sg",
      "provider": "provider[\"registry.terraform.io/hashicorp/aws\"]",
      "instances": [
        {
          "schema_version": 1,
          "attributes": {
            "arn": "arn:aws:ec2:eu-west-2:533266978173:security-group/sg-08a46db9165defa33",
            "description": "Managed by Terraform",
            "egress": [
              {
                "cidr_blocks": [
                  "0.0.0.0/0"
                ],
                "description": "",
                "from_port": 0,
                "ipv6_cidr_blocks": [],
                "prefix_list_ids": [],
                "protocol": "-1",
                "security_groups": [],
                "self": false,
                "to_port": 0
              }
            ],
            "id": "sg-08a46db9165defa33",
            "ingress": [
              {
                "cidr_blocks": [
                  "0.0.0.0/0"
                ],
                "description": "",
                "from_port": 22,
                "ipv6_cidr_blocks": [],
                "prefix_list_ids": [],
                "protocol": "tcp",
                "security_groups": [],
                "self": false,
                "to_port": 22
              },
              {
                "cidr_blocks": [
                  "0.0.0.0/0"
                ],
                "description": "",
                "from_port": 5000,
                "ipv6_cidr_blocks": [],
                "prefix_list_ids": [],
                "protocol": "tcp",
                "security_groups": [],
                "self": false,
                "to_port": 5000
              }
            ],
            "name": "docker-sg20240622114625917500000001",
            "name_prefix": "docker-sg",
            "owner_id": "533266978173",
            "revoke_rules_on_delete": false,
            "tags": {},
            "tags_all": {},
            "timeouts": null,
            "vpc_id": "vpc-023c3b6713fb33178"
          },
          "sensitive_attributes": [],
          "private": "eyJlMmJmYjczMC1lY2FhLTExZTYtOGY4OC0zNDM2M2JjN2M0YzAiOnsiY3JlYXRlIjo2MDAwMDAwMDAwMDAsImRlbGV0ZSI6OTAwMDAwMDAwMDAwfSwic2NoZW1hX3ZlcnNpb24iOiIxIn0="
        }
      ]
    }
  ],
  "check_results": null
}
